// !$*UTF8*$!
{
	archiveVersion = 1;
	classes = {
	};
	objectVersion = 55;
	objects = {

/* Begin PBXBuildFile section */
		11664AC554CBD55B88EC2747 /* Pods_eonggeum_iOS.framework in Frameworks */ = {isa = PBXBuildFile; fileRef = 114A85C12A92C4DC3729A01A /* Pods_eonggeum_iOS.framework */; };
		981FBBB32710AFA5002A1FDF /* MainViewController.swift in Sources */ = {isa = PBXBuildFile; fileRef = 981FBBB22710AFA5002A1FDF /* MainViewController.swift */; };
		981FBBB727113B0D002A1FDF /* GoogleService-Info.plist in Resources */ = {isa = PBXBuildFile; fileRef = 981FBBB627113B0D002A1FDF /* GoogleService-Info.plist */; };
		98AF0986271020C7005668F6 /* AppDelegate.swift in Sources */ = {isa = PBXBuildFile; fileRef = 98AF0985271020C7005668F6 /* AppDelegate.swift */; };
		98AF0988271020C7005668F6 /* SceneDelegate.swift in Sources */ = {isa = PBXBuildFile; fileRef = 98AF0987271020C7005668F6 /* SceneDelegate.swift */; };
		98AF098D271020C7005668F6 /* Main.storyboard in Resources */ = {isa = PBXBuildFile; fileRef = 98AF098B271020C7005668F6 /* Main.storyboard */; };
		98AF098F271020CA005668F6 /* Assets.xcassets in Resources */ = {isa = PBXBuildFile; fileRef = 98AF098E271020CA005668F6 /* Assets.xcassets */; };
		98AF0992271020CA005668F6 /* LaunchScreen.storyboard in Resources */ = {isa = PBXBuildFile; fileRef = 98AF0990271020CA005668F6 /* LaunchScreen.storyboard */; };
		98AF099A2710228D005668F6 /* LoginViewController.swift in Sources */ = {isa = PBXBuildFile; fileRef = 98AF09992710228D005668F6 /* LoginViewController.swift */; };
		98AF099E27108051005668F6 /* EnterEmailViewController.swift in Sources */ = {isa = PBXBuildFile; fileRef = 98AF099D27108051005668F6 /* EnterEmailViewController.swift */; };
/* End PBXBuildFile section */

/* Begin PBXFileReference section */
		114A85C12A92C4DC3729A01A /* Pods_eonggeum_iOS.framework */ = {isa = PBXFileReference; explicitFileType = wrapper.framework; includeInIndex = 0; path = Pods_eonggeum_iOS.framework; sourceTree = BUILT_PRODUCTS_DIR; };
		981FBBB22710AFA5002A1FDF /* MainViewController.swift */ = {isa = PBXFileReference; lastKnownFileType = sourcecode.swift; path = MainViewController.swift; sourceTree = "<group>"; };
		981FBBB627113B0D002A1FDF /* GoogleService-Info.plist */ = {isa = PBXFileReference; fileEncoding = 4; lastKnownFileType = text.plist.xml; path = "GoogleService-Info.plist"; sourceTree = "<group>"; };
		98AF0982271020C7005668F6 /* eonggeum_iOS.app */ = {isa = PBXFileReference; explicitFileType = wrapper.application; includeInIndex = 0; path = eonggeum_iOS.app; sourceTree = BUILT_PRODUCTS_DIR; };
		98AF0985271020C7005668F6 /* AppDelegate.swift */ = {isa = PBXFileReference; lastKnownFileType = sourcecode.swift; path = AppDelegate.swift; sourceTree = "<group>"; };
		98AF0987271020C7005668F6 /* SceneDelegate.swift */ = {isa = PBXFileReference; lastKnownFileType = sourcecode.swift; path = SceneDelegate.swift; sourceTree = "<group>"; };
		98AF098C271020C7005668F6 /* Base */ = {isa = PBXFileReference; lastKnownFileType = file.storyboard; name = Base; path = Base.lproj/Main.storyboard; sourceTree = "<group>"; };
		98AF098E271020CA005668F6 /* Assets.xcassets */ = {isa = PBXFileReference; lastKnownFileType = folder.assetcatalog; path = Assets.xcassets; sourceTree = "<group>"; };
		98AF0991271020CA005668F6 /* Base */ = {isa = PBXFileReference; lastKnownFileType = file.storyboard; name = Base; path = Base.lproj/LaunchScreen.storyboard; sourceTree = "<group>"; };
		98AF0993271020CA005668F6 /* Info.plist */ = {isa = PBXFileReference; lastKnownFileType = text.plist.xml; path = Info.plist; sourceTree = "<group>"; };
		98AF09992710228D005668F6 /* LoginViewController.swift */ = {isa = PBXFileReference; lastKnownFileType = sourcecode.swift; path = LoginViewController.swift; sourceTree = "<group>"; };
		98AF099D27108051005668F6 /* EnterEmailViewController.swift */ = {isa = PBXFileReference; lastKnownFileType = sourcecode.swift; path = EnterEmailViewController.swift; sourceTree = "<group>"; };
		CD608B74CCF1272D4154BCAB /* Pods-eonggeum_iOS.debug.xcconfig */ = {isa = PBXFileReference; includeInIndex = 1; lastKnownFileType = text.xcconfig; name = "Pods-eonggeum_iOS.debug.xcconfig"; path = "Target Support Files/Pods-eonggeum_iOS/Pods-eonggeum_iOS.debug.xcconfig"; sourceTree = "<group>"; };
		E964FDCE2F802D6895FAFC85 /* Pods-eonggeum_iOS.release.xcconfig */ = {isa = PBXFileReference; includeInIndex = 1; lastKnownFileType = text.xcconfig; name = "Pods-eonggeum_iOS.release.xcconfig"; path = "Target Support Files/Pods-eonggeum_iOS/Pods-eonggeum_iOS.release.xcconfig"; sourceTree = "<group>"; };
/* End PBXFileReference section */

/* Begin PBXFrameworksBuildPhase section */
		98AF097F271020C7005668F6 /* Frameworks */ = {
			isa = PBXFrameworksBuildPhase;
			buildActionMask = 2147483647;
			files = (
				11664AC554CBD55B88EC2747 /* Pods_eonggeum_iOS.framework in Frameworks */,
			);
			runOnlyForDeploymentPostprocessing = 0;
		};
/* End PBXFrameworksBuildPhase section */

/* Begin PBXGroup section */
		3C0E86CB6E4953C132328F6C /* Pods */ = {
			isa = PBXGroup;
			children = (
				CD608B74CCF1272D4154BCAB /* Pods-eonggeum_iOS.debug.xcconfig */,
				E964FDCE2F802D6895FAFC85 /* Pods-eonggeum_iOS.release.xcconfig */,
			);
			path = Pods;
			sourceTree = "<group>";
		};
		98AF0979271020C7005668F6 = {
			isa = PBXGroup;
			children = (
				98AF0984271020C7005668F6 /* eonggeum_iOS */,
				98AF0983271020C7005668F6 /* Products */,
				3C0E86CB6E4953C132328F6C /* Pods */,
				DED05B6FC3839D95945CBE06 /* Frameworks */,
			);
			sourceTree = "<group>";
		};
		98AF0983271020C7005668F6 /* Products */ = {
			isa = PBXGroup;
			children = (
				98AF0982271020C7005668F6 /* eonggeum_iOS.app */,
			);
			name = Products;
			sourceTree = "<group>";
		};
		98AF0984271020C7005668F6 /* eonggeum_iOS */ = {
			isa = PBXGroup;
			children = (
				98AF0985271020C7005668F6 /* AppDelegate.swift */,
				98AF0987271020C7005668F6 /* SceneDelegate.swift */,
				98AF098B271020C7005668F6 /* Main.storyboard */,
				981FBBB22710AFA5002A1FDF /* MainViewController.swift */,
				98AF099D27108051005668F6 /* EnterEmailViewController.swift */,
				98AF09992710228D005668F6 /* LoginViewController.swift */,
				98AF098E271020CA005668F6 /* Assets.xcassets */,
				98AF0990271020CA005668F6 /* LaunchScreen.storyboard */,
				98AF0993271020CA005668F6 /* Info.plist */,
				981FBBB627113B0D002A1FDF /* GoogleService-Info.plist */,
			);
			path = eonggeum_iOS;
			sourceTree = "<group>";
		};
		DED05B6FC3839D95945CBE06 /* Frameworks */ = {
			isa = PBXGroup;
			children = (
				114A85C12A92C4DC3729A01A /* Pods_eonggeum_iOS.framework */,
			);
			name = Frameworks;
			sourceTree = "<group>";
		};
/* End PBXGroup section */

/* Begin PBXNativeTarget section */
		98AF0981271020C7005668F6 /* eonggeum_iOS */ = {
			isa = PBXNativeTarget;
			buildConfigurationList = 98AF0996271020CA005668F6 /* Build configuration list for PBXNativeTarget "eonggeum_iOS" */;
			buildPhases = (
				7EFDE598B0410F57A5C010CC /* [CP] Check Pods Manifest.lock */,
				98AF097E271020C7005668F6 /* Sources */,
				98AF097F271020C7005668F6 /* Frameworks */,
				98AF0980271020C7005668F6 /* Resources */,
				824F8DA951236A060E794796 /* [CP] Embed Pods Frameworks */,
				627463A558BE77C58A4C55BE /* [CP] Copy Pods Resources */,
			);
			buildRules = (
			);
			dependencies = (
			);
			name = eonggeum_iOS;
			productName = eonggeum_iOS;
			productReference = 98AF0982271020C7005668F6 /* eonggeum_iOS.app */;
			productType = "com.apple.product-type.application";
		};
/* End PBXNativeTarget section */

/* Begin PBXProject section */
		98AF097A271020C7005668F6 /* Project object */ = {
			isa = PBXProject;
			attributes = {
				BuildIndependentTargetsInParallel = 1;
				LastSwiftUpdateCheck = 1300;
				LastUpgradeCheck = 1300;
				TargetAttributes = {
					98AF0981271020C7005668F6 = {
						CreatedOnToolsVersion = 13.0;
					};
				};
			};
			buildConfigurationList = 98AF097D271020C7005668F6 /* Build configuration list for PBXProject "eonggeum_iOS" */;
			compatibilityVersion = "Xcode 13.0";
			developmentRegion = en;
			hasScannedForEncodings = 0;
			knownRegions = (
				en,
				Base,
			);
			mainGroup = 98AF0979271020C7005668F6;
			productRefGroup = 98AF0983271020C7005668F6 /* Products */;
			projectDirPath = "";
			projectRoot = "";
			targets = (
				98AF0981271020C7005668F6 /* eonggeum_iOS */,
			);
		};
/* End PBXProject section */

/* Begin PBXResourcesBuildPhase section */
		98AF0980271020C7005668F6 /* Resources */ = {
			isa = PBXResourcesBuildPhase;
			buildActionMask = 2147483647;
			files = (
				98AF0992271020CA005668F6 /* LaunchScreen.storyboard in Resources */,
				981FBBB727113B0D002A1FDF /* GoogleService-Info.plist in Resources */,
				98AF098F271020CA005668F6 /* Assets.xcassets in Resources */,
				98AF098D271020C7005668F6 /* Main.storyboard in Resources */,
			);
			runOnlyForDeploymentPostprocessing = 0;
		};
/* End PBXResourcesBuildPhase section */

/* Begin PBXShellScriptBuildPhase section */
		627463A558BE77C58A4C55BE /* [CP] Copy Pods Resources */ = {
			isa = PBXShellScriptBuildPhase;
			buildActionMask = 2147483647;
			files = (
			);
			inputFileListPaths = (
				"${PODS_ROOT}/Target Support Files/Pods-eonggeum_iOS/Pods-eonggeum_iOS-resources-${CONFIGURATION}-input-files.xcfilelist",
			);
			name = "[CP] Copy Pods Resources";
			outputFileListPaths = (
				"${PODS_ROOT}/Target Support Files/Pods-eonggeum_iOS/Pods-eonggeum_iOS-resources-${CONFIGURATION}-output-files.xcfilelist",
			);
			runOnlyForDeploymentPostprocessing = 0;
			shellPath = /bin/sh;
			shellScript = "\"${PODS_ROOT}/Target Support Files/Pods-eonggeum_iOS/Pods-eonggeum_iOS-resources.sh\"\n";
			showEnvVarsInLog = 0;
		};
		7EFDE598B0410F57A5C010CC /* [CP] Check Pods Manifest.lock */ = {
			isa = PBXShellScriptBuildPhase;
			buildActionMask = 2147483647;
			files = (
			);
			inputFileListPaths = (
			);
			inputPaths = (
				"${PODS_PODFILE_DIR_PATH}/Podfile.lock",
				"${PODS_ROOT}/Manifest.lock",
			);
			name = "[CP] Check Pods Manifest.lock";
			outputFileListPaths = (
			);
			outputPaths = (
				"$(DERIVED_FILE_DIR)/Pods-eonggeum_iOS-checkManifestLockResult.txt",
			);
			runOnlyForDeploymentPostprocessing = 0;
			shellPath = /bin/sh;
			shellScript = "diff \"${PODS_PODFILE_DIR_PATH}/Podfile.lock\" \"${PODS_ROOT}/Manifest.lock\" > /dev/null\nif [ $? != 0 ] ; then\n    # print error to STDERR\n    echo \"error: The sandbox is not in sync with the Podfile.lock. Run 'pod install' or update your CocoaPods installation.\" >&2\n    exit 1\nfi\n# This output is used by Xcode 'outputs' to avoid re-running this script phase.\necho \"SUCCESS\" > \"${SCRIPT_OUTPUT_FILE_0}\"\n";
			showEnvVarsInLog = 0;
		};
		824F8DA951236A060E794796 /* [CP] Embed Pods Frameworks */ = {
			isa = PBXShellScriptBuildPhase;
			buildActionMask = 2147483647;
			files = (
			);
			inputFileListPaths = (
				"${PODS_ROOT}/Target Support Files/Pods-eonggeum_iOS/Pods-eonggeum_iOS-frameworks-${CONFIGURATION}-input-files.xcfilelist",
			);
			name = "[CP] Embed Pods Frameworks";
			outputFileListPaths = (
				"${PODS_ROOT}/Target Support Files/Pods-eonggeum_iOS/Pods-eonggeum_iOS-frameworks-${CONFIGURATION}-output-files.xcfilelist",
			);
			runOnlyForDeploymentPostprocessing = 0;
			shellPath = /bin/sh;
			shellScript = "\"${PODS_ROOT}/Target Support Files/Pods-eonggeum_iOS/Pods-eonggeum_iOS-frameworks.sh\"\n";
			showEnvVarsInLog = 0;
		};
/* End PBXShellScriptBuildPhase section */

/* Begin PBXSourcesBuildPhase section */
		98AF097E271020C7005668F6 /* Sources */ = {
			isa = PBXSourcesBuildPhase;
			buildActionMask = 2147483647;
			files = (
				98AF099A2710228D005668F6 /* LoginViewController.swift in Sources */,
				98AF0986271020C7005668F6 /* AppDelegate.swift in Sources */,
				98AF099E27108051005668F6 /* EnterEmailViewController.swift in Sources */,
				98AF0988271020C7005668F6 /* SceneDelegate.swift in Sources */,
				981FBBB32710AFA5002A1FDF /* MainViewController.swift in Sources */,
			);
			runOnlyForDeploymentPostprocessing = 0;
		};
/* End PBXSourcesBuildPhase section */

/* Begin PBXVariantGroup section */
		98AF098B271020C7005668F6 /* Main.storyboard */ = {
			isa = PBXVariantGroup;
			children = (
				98AF098C271020C7005668F6 /* Base */,
			);
			name = Main.storyboard;
			sourceTree = "<group>";
		};
		98AF0990271020CA005668F6 /* LaunchScreen.storyboard */ = {
			isa = PBXVariantGroup;
			children = (
				98AF0991271020CA005668F6 /* Base */,
			);
			name = LaunchScreen.storyboard;
			sourceTree = "<group>";
		};
/* End PBXVariantGroup section */

/* Begin XCBuildConfiguration section */
		98AF0994271020CA005668F6 /* Debug */ = {
			isa = XCBuildConfiguration;
			buildSettings = {
				ALWAYS_SEARCH_USER_PATHS = NO;
				CLANG_ANALYZER_NONNULL = YES;
				CLANG_ANALYZER_NUMBER_OBJECT_CONVERSION = YES_AGGRESSIVE;
				CLANG_CXX_LANGUAGE_STANDARD = "gnu++17";
				CLANG_CXX_LIBRARY = "libc++";
				CLANG_ENABLE_MODULES = YES;
				CLANG_ENABLE_OBJC_ARC = YES;
				CLANG_ENABLE_OBJC_WEAK = YES;
				CLANG_WARN_BLOCK_CAPTURE_AUTORELEASING = YES;
				CLANG_WARN_BOOL_CONVERSION = YES;
				CLANG_WARN_COMMA = YES;
				CLANG_WARN_CONSTANT_CONVERSION = YES;
				CLANG_WARN_DEPRECATED_OBJC_IMPLEMENTATIONS = YES;
				CLANG_WARN_DIRECT_OBJC_ISA_USAGE = YES_ERROR;
				CLANG_WARN_DOCUMENTATION_COMMENTS = YES;
				CLANG_WARN_EMPTY_BODY = YES;
				CLANG_WARN_ENUM_CONVERSION = YES;
				CLANG_WARN_INFINITE_RECURSION = YES;
				CLANG_WARN_INT_CONVERSION = YES;
				CLANG_WARN_NON_LITERAL_NULL_CONVERSION = YES;
				CLANG_WARN_OBJC_IMPLICIT_RETAIN_SELF = YES;
				CLANG_WARN_OBJC_LITERAL_CONVERSION = YES;
				CLANG_WARN_OBJC_ROOT_CLASS = YES_ERROR;
				CLANG_WARN_QUOTED_INCLUDE_IN_FRAMEWORK_HEADER = YES;
				CLANG_WARN_RANGE_LOOP_ANALYSIS = YES;
				CLANG_WARN_STRICT_PROTOTYPES = YES;
				CLANG_WARN_SUSPICIOUS_MOVE = YES;
				CLANG_WARN_UNGUARDED_AVAILABILITY = YES_AGGRESSIVE;
				CLANG_WARN_UNREACHABLE_CODE = YES;
				CLANG_WARN__DUPLICATE_METHOD_MATCH = YES;
				COPY_PHASE_STRIP = NO;
				DEBUG_INFORMATION_FORMAT = dwarf;
				ENABLE_STRICT_OBJC_MSGSEND = YES;
				ENABLE_TESTABILITY = YES;
				GCC_C_LANGUAGE_STANDARD = gnu11;
				GCC_DYNAMIC_NO_PIC = NO;
				GCC_NO_COMMON_BLOCKS = YES;
				GCC_OPTIMIZATION_LEVEL = 0;
				GCC_PREPROCESSOR_DEFINITIONS = (
					"DEBUG=1",
					"$(inherited)",
				);
				GCC_WARN_64_TO_32_BIT_CONVERSION = YES;
				GCC_WARN_ABOUT_RETURN_TYPE = YES_ERROR;
				GCC_WARN_UNDECLARED_SELECTOR = YES;
				GCC_WARN_UNINITIALIZED_AUTOS = YES_AGGRESSIVE;
				GCC_WARN_UNUSED_FUNCTION = YES;
				GCC_WARN_UNUSED_VARIABLE = YES;
				IPHONEOS_DEPLOYMENT_TARGET = 15.0;
				MTL_ENABLE_DEBUG_INFO = INCLUDE_SOURCE;
				MTL_FAST_MATH = YES;
				ONLY_ACTIVE_ARCH = YES;
				SDKROOT = iphoneos;
				SWIFT_ACTIVE_COMPILATION_CONDITIONS = DEBUG;
				SWIFT_OPTIMIZATION_LEVEL = "-Onone";
			};
			name = Debug;
		};
		98AF0995271020CA005668F6 /* Release */ = {
			isa = XCBuildConfiguration;
			buildSettings = {
				ALWAYS_SEARCH_USER_PATHS = NO;
				CLANG_ANALYZER_NONNULL = YES;
				CLANG_ANALYZER_NUMBER_OBJECT_CONVERSION = YES_AGGRESSIVE;
				CLANG_CXX_LANGUAGE_STANDARD = "gnu++17";
				CLANG_CXX_LIBRARY = "libc++";
				CLANG_ENABLE_MODULES = YES;
				CLANG_ENABLE_OBJC_ARC = YES;
				CLANG_ENABLE_OBJC_WEAK = YES;
				CLANG_WARN_BLOCK_CAPTURE_AUTORELEASING = YES;
				CLANG_WARN_BOOL_CONVERSION = YES;
				CLANG_WARN_COMMA = YES;
				CLANG_WARN_CONSTANT_CONVERSION = YES;
				CLANG_WARN_DEPRECATED_OBJC_IMPLEMENTATIONS = YES;
				CLANG_WARN_DIRECT_OBJC_ISA_USAGE = YES_ERROR;
				CLANG_WARN_DOCUMENTATION_COMMENTS = YES;
				CLANG_WARN_EMPTY_BODY = YES;
				CLANG_WARN_ENUM_CONVERSION = YES;
				CLANG_WARN_INFINITE_RECURSION = YES;
				CLANG_WARN_INT_CONVERSION = YES;
				CLANG_WARN_NON_LITERAL_NULL_CONVERSION = YES;
				CLANG_WARN_OBJC_IMPLICIT_RETAIN_SELF = YES;
				CLANG_WARN_OBJC_LITERAL_CONVERSION = YES;
				CLANG_WARN_OBJC_ROOT_CLASS = YES_ERROR;
				CLANG_WARN_QUOTED_INCLUDE_IN_FRAMEWORK_HEADER = YES;
				CLANG_WARN_RANGE_LOOP_ANALYSIS = YES;
				CLANG_WARN_STRICT_PROTOTYPES = YES;
				CLANG_WARN_SUSPICIOUS_MOVE = YES;
				CLANG_WARN_UNGUARDED_AVAILABILITY = YES_AGGRESSIVE;
				CLANG_WARN_UNREACHABLE_CODE = YES;
				CLANG_WARN__DUPLICATE_METHOD_MATCH = YES;
				COPY_PHASE_STRIP = NO;
				DEBUG_INFORMATION_FORMAT = "dwarf-with-dsym";
				ENABLE_NS_ASSERTIONS = NO;
				ENABLE_STRICT_OBJC_MSGSEND = YES;
				GCC_C_LANGUAGE_STANDARD = gnu11;
				GCC_NO_COMMON_BLOCKS = YES;
				GCC_WARN_64_TO_32_BIT_CONVERSION = YES;
				GCC_WARN_ABOUT_RETURN_TYPE = YES_ERROR;
				GCC_WARN_UNDECLARED_SELECTOR = YES;
				GCC_WARN_UNINITIALIZED_AUTOS = YES_AGGRESSIVE;
				GCC_WARN_UNUSED_FUNCTION = YES;
				GCC_WARN_UNUSED_VARIABLE = YES;
				IPHONEOS_DEPLOYMENT_TARGET = 15.0;
				MTL_ENABLE_DEBUG_INFO = NO;
				MTL_FAST_MATH = YES;
				SDKROOT = iphoneos;
				SWIFT_COMPILATION_MODE = wholemodule;
				SWIFT_OPTIMIZATION_LEVEL = "-O";
				VALIDATE_PRODUCT = YES;
			};
			name = Release;
		};
		98AF0997271020CA005668F6 /* Debug */ = {
			isa = XCBuildConfiguration;
			baseConfigurationReference = CD608B74CCF1272D4154BCAB /* Pods-eonggeum_iOS.debug.xcconfig */;
			buildSettings = {
				ASSETCATALOG_COMPILER_APPICON_NAME = AppIcon;
				ASSETCATALOG_COMPILER_GLOBAL_ACCENT_COLOR_NAME = AccentColor;
				CODE_SIGN_STYLE = Automatic;
				CURRENT_PROJECT_VERSION = 1;
				DEVELOPMENT_TEAM = PN5JFN8NYT;
				GENERATE_INFOPLIST_FILE = YES;
				INFOPLIST_FILE = eonggeum_iOS/Info.plist;
				INFOPLIST_KEY_CFBundleDisplayName = "엉금엉금";
				INFOPLIST_KEY_UIApplicationSupportsIndirectInputEvents = YES;
				INFOPLIST_KEY_UILaunchStoryboardName = LaunchScreen;
				INFOPLIST_KEY_UIMainStoryboardFile = Main;
				INFOPLIST_KEY_UISupportedInterfaceOrientations_iPad = "UIInterfaceOrientationPortrait UIInterfaceOrientationPortraitUpsideDown UIInterfaceOrientationLandscapeLeft UIInterfaceOrientationLandscapeRight";
				INFOPLIST_KEY_UISupportedInterfaceOrientations_iPhone = "UIInterfaceOrientationPortrait UIInterfaceOrientationLandscapeLeft UIInterfaceOrientationLandscapeRight";
				LD_RUNPATH_SEARCH_PATHS = (
					"$(inherited)",
					"@executable_path/Frameworks",
				);
				MARKETING_VERSION = 1.0;
				PRODUCT_BUNDLE_IDENTIFIER = "yoonjong.eonggeum-iOS";
				PRODUCT_NAME = "$(TARGET_NAME)";
				SWIFT_EMIT_LOC_STRINGS = YES;
				SWIFT_VERSION = 5.0;
				TARGETED_DEVICE_FAMILY = "1,2";
			};
			name = Debug;
		};
		98AF0998271020CA005668F6 /* Release */ = {
			isa = XCBuildConfiguration;
			baseConfigurationReference = E964FDCE2F802D6895FAFC85 /* Pods-eonggeum_iOS.release.xcconfig */;
			buildSettings = {
				ASSETCATALOG_COMPILER_APPICON_NAME = AppIcon;
				ASSETCATALOG_COMPILER_GLOBAL_ACCENT_COLOR_NAME = AccentColor;
				CODE_SIGN_STYLE = Automatic;
				CURRENT_PROJECT_VERSION = 1;
				DEVELOPMENT_TEAM = PN5JFN8NYT;
				GENERATE_INFOPLIST_FILE = YES;
				INFOPLIST_FILE = eonggeum_iOS/Info.plist;
				INFOPLIST_KEY_CFBundleDisplayName = "엉금엉금";
				INFOPLIST_KEY_UIApplicationSupportsIndirectInputEvents = YES;
				INFOPLIST_KEY_UILaunchStoryboardName = LaunchScreen;
				INFOPLIST_KEY_UIMainStoryboardFile = Main;
				INFOPLIST_KEY_UISupportedInterfaceOrientations_iPad = "UIInterfaceOrientationPortrait UIInterfaceOrientationPortraitUpsideDown UIInterfaceOrientationLandscapeLeft UIInterfaceOrientationLandscapeRight";
				INFOPLIST_KEY_UISupportedInterfaceOrientations_iPhone = "UIInterfaceOrientationPortrait UIInterfaceOrientationLandscapeLeft UIInterfaceOrientationLandscapeRight";
				LD_RUNPATH_SEARCH_PATHS = (
					"$(inherited)",
					"@executable_path/Frameworks",
				);
				MARKETING_VERSION = 1.0;
				PRODUCT_BUNDLE_IDENTIFIER = "yoonjong.eonggeum-iOS";
				PRODUCT_NAME = "$(TARGET_NAME)";
				SWIFT_EMIT_LOC_STRINGS = YES;
				SWIFT_VERSION = 5.0;
				TARGETED_DEVICE_FAMILY = "1,2";
			};
			name = Release;
		};
/* End XCBuildConfiguration section */

/* Begin XCConfigurationList section */
		98AF097D271020C7005668F6 /* Build configuration list for PBXProject "eonggeum_iOS" */ = {
			isa = XCConfigurationList;
			buildConfigurations = (
				98AF0994271020CA005668F6 /* Debug */,
				98AF0995271020CA005668F6 /* Release */,
			);
			defaultConfigurationIsVisible = 0;
			defaultConfigurationName = Release;
		};
		98AF0996271020CA005668F6 /* Build configuration list for PBXNativeTarget "eonggeum_iOS" */ = {
			isa = XCConfigurationList;
			buildConfigurations = (
				98AF0997271020CA005668F6 /* Debug */,
				98AF0998271020CA005668F6 /* Release */,
			);
			defaultConfigurationIsVisible = 0;
			defaultConfigurationName = Release;
		};
/* End XCConfigurationList section */
	};
	rootObject = 98AF097A271020C7005668F6 /* Project object */;
}
